{
  "nodes": {
    "ags": {
      "inputs": {
        "astal": "astal",
        "nixpkgs": [
          "nixpkgs"
        ]
      },
      "locked": {
        "lastModified": 1729613005,
        "narHash": "sha256-OktngqE4JF3GHLOureXJaVHBGKe2R+OvaqB43RBTCgM=",
        "owner": "Aylur",
        "repo": "ags",
        "rev": "9fe75a1efaf43a1948460b123d870b71ab7c896e",
        "type": "github"
      },
      "original": {
        "owner": "Aylur",
        "ref": "v2",
        "repo": "ags",
        "type": "github"
      }
    },
    "astal": {
      "inputs": {
        "nixpkgs": "nixpkgs"
      },
      "locked": {
        "lastModified": 1729612926,
        "narHash": "sha256-nqxvYZk4xHWAYnSrniyyx1dp8J2Vpg7XMPcZj4cvyaY=",
        "owner": "aylur",
        "repo": "astal",
        "rev": "004b12381b3891836ecbf3bb22aa3054145e3f38",
        "type": "github"
      },
      "original": {
        "owner": "aylur",
        "repo": "astal",
        "type": "github"
      }
    },
    "nixpkgs": {
      "locked": {
        "lastModified": 1716293225,
        "narHash": "sha256-pU9ViBVE3XYb70xZx+jK6SEVphvt7xMTbm6yDIF4xPs=",
        "owner": "nixos",
        "repo": "nixpkgs",
        "rev": "3eaeaeb6b1e08a016380c279f8846e0bd8808916",
        "type": "github"
      },
      "original": {
        "owner": "nixos",
        "ref": "nixos-unstable",
        "repo": "nixpkgs",
        "type": "github"
      }
    },
    "nixpkgs_2": {
      "locked": {
        "lastModified": 1730137625,
        "narHash": "sha256-9z8oOgFZiaguj+bbi3k4QhAD6JabWrnv7fscC/mt0KE=",
        "path": "/nix/store/vpzg5qjqwl76ichhjwwgmwc8v3j369q5-source",
        "rev": "64b80bfb316b57cdb8919a9110ef63393d74382a",
        "type": "path"
      },
      "original": {
        "id": "nixpkgs",
        "type": "indirect"
      }
    },
    "root": {
      "inputs": {
        "ags": "ags",
        "nixpkgs": "nixpkgs_2",
        "utils": "utils"
      }
    },
    "systems": {
      "locked": {
        "lastModified": 1681028828,
        "narHash": "sha256-Vy1rq5AaRuLzOxct8nz4T6wlgyUR7zLU309k9mBC768=",
        "owner": "nix-systems",
        "repo": "default",
        "rev": "da67096a3b9bf56a91d16901293e51ba5b49a27e",
        "type": "github"
      },
      "original": {
        "owner": "nix-systems",
        "repo": "default",
        "type": "github"
      }
    },
    "utils": {
      "inputs": {
        "systems": "systems"
      },
      "locked": {
        "lastModified": 1726560853,
        "narHash": "sha256-X6rJYSESBVr3hBoH0WbKE5KvhPU5bloyZ2L4K60/fPQ=",
        "owner": "numtide",
        "repo": "flake-utils",
        "rev": "c1dfcf08411b08f6b8615f7d8971a2bfa81d5e8a",
        "type": "github"
      },
      "original": {
        "owner": "numtide",
        "repo": "flake-utils",
        "type": "github"
      }
    }
  },
  "root": "root",
  "version": 7
}
